
Microsoft Visual Studio Solution File, Format Version 12.00
# Visual Studio 2012
Project("{FAE04EC0-301F-11D3-BF4B-00C04F79EFBC}") = "AudioFileApp", "AudioFileApp\AudioFileApp.csproj", "{E4DA2C06-E919-4FA5-A060-B091CED4FC5B}"
EndProject
Global
	GlobalSection(SolutionConfigurationPlatforms) = preSolution
		Debug|Any CPU = Debug|Any CPU
		Release|Any CPU = Release|Any CPU
	EndGlobalSection
	GlobalSection(ProjectConfigurationPlatforms) = postSolution
		{E4DA2C06-E919-4FA5-A060-B091CED4FC5B}.Debug|Any CPU.ActiveCfg = Debug|Any CPU
		{E4DA2C06-E919-4FA5-A060-B091CED4FC5B}.Debug|Any CPU.Build.0 = Debug|Any CPU
		{E4DA2C06-E919-4FA5-A060-B091CED4FC5B}.Release|Any CPU.ActiveCfg = Release|Any CPU
		{E4DA2C06-E919-4FA5-A060-B091CED4FC5B}.Release|Any CPU.Build.0 = Release|Any CPU
	EndGlobalSection
	GlobalSection(SolutionProperties) = preSolution
		HideSolutionNode = FALSE
	EndGlobalSection
EndGlobal
